
Microsoft Visual Studio Solution File, Format Version 12.00
# Visual Studio Version 16
VisualStudioVersion = 16.0.31729.503
MinimumVisualStudioVersion = 10.0.40219.1
Project("{FAE04EC0-301F-11D3-BF4B-00C04F79EFBC}") = "TestApp1", "TestApp1\TestApp1.csproj", "{C0A046DC-872B-411D-AA74-B5B92C4520D2}"
EndProject
Global
	GlobalSection(SolutionConfigurationPlatforms) = preSolution
		Debug|Any CPU = Debug|Any CPU
		Release|Any CPU = Release|Any CPU
	EndGlobalSection
	GlobalSection(ProjectConfigurationPlatforms) = postSolution
		{C0A046DC-872B-411D-AA74-B5B92C4520D2}.Debug|Any CPU.ActiveCfg = Debug|Any CPU
		{C0A046DC-872B-411D-AA74-B5B92C4520D2}.Debug|Any CPU.Build.0 = Debug|Any CPU
		{C0A046DC-872B-411D-AA74-B5B92C4520D2}.Release|Any CPU.ActiveCfg = Release|Any CPU
		{C0A046DC-872B-411D-AA74-B5B92C4520D2}.Release|Any CPU.Build.0 = Release|Any CPU
	EndGlobalSection
	GlobalSection(SolutionProperties) = preSolution
		HideSolutionNode = FALSE
	EndGlobalSection
	GlobalSection(ExtensibilityGlobals) = postSolution
		SolutionGuid = {03DBEDFA-3E74-4827-8144-89C0B4CD63AC}
	EndGlobalSection
EndGlobal
